
Microsoft Visual Studio Solution File, Format Version 12.00
# Visual Studio Version 16
VisualStudioVersion = 16.0.30011.22
MinimumVisualStudioVersion = 10.0.40219.1
Project("{FAE04EC0-301F-11D3-BF4B-00C04F79EFBC}") = "TestCountershapes", "TestCountershapes\TestCountershapes.csproj", "{20E9286F-1BE1-429B-8A49-B7A972DA5AD8}"
EndProject
Project("{FAE04EC0-301F-11D3-BF4B-00C04F79EFBC}") = "CounterShapes", "CounterShapes\CounterShapes.csproj", "{7ECE938C-FE3D-4B89-854C-DCB83481DC6A}"
EndProject
Global
	GlobalSection(SolutionConfigurationPlatforms) = preSolution
		Debug|Any CPU = Debug|Any CPU
		Release|Any CPU = Release|Any CPU
	EndGlobalSection
	GlobalSection(ProjectConfigurationPlatforms) = postSolution
		{20E9286F-1BE1-429B-8A49-B7A972DA5AD8}.Debug|Any CPU.ActiveCfg = Debug|Any CPU
		{20E9286F-1BE1-429B-8A49-B7A972DA5AD8}.Debug|Any CPU.Build.0 = Debug|Any CPU
		{20E9286F-1BE1-429B-8A49-B7A972DA5AD8}.Release|Any CPU.ActiveCfg = Release|Any CPU
		{20E9286F-1BE1-429B-8A49-B7A972DA5AD8}.Release|Any CPU.Build.0 = Release|Any CPU
		{7ECE938C-FE3D-4B89-854C-DCB83481DC6A}.Debug|Any CPU.ActiveCfg = Debug|Any CPU
		{7ECE938C-FE3D-4B89-854C-DCB83481DC6A}.Debug|Any CPU.Build.0 = Debug|Any CPU
		{7ECE938C-FE3D-4B89-854C-DCB83481DC6A}.Release|Any CPU.ActiveCfg = Release|Any CPU
		{7ECE938C-FE3D-4B89-854C-DCB83481DC6A}.Release|Any CPU.Build.0 = Release|Any CPU
	EndGlobalSection
	GlobalSection(SolutionProperties) = preSolution
		HideSolutionNode = FALSE
	EndGlobalSection
	GlobalSection(ExtensibilityGlobals) = postSolution
		SolutionGuid = {02227144-B057-433F-9822-E7B5F68EA0F4}
	EndGlobalSection
EndGlobal
